
Microsoft Visual Studio Solution File, Format Version 12.00
# Visual Studio 15
VisualStudioVersion = 15.0.26118.1
MinimumVisualStudioVersion = 10.0.40219.1
Project("{FAE04EC0-301F-11D3-BF4B-00C04F79EFBC}") = "ConsoleApp_NetCore20", "ConsoleApp_NetCore20\ConsoleApp_NetCore20.csproj", "{347D599C-05E9-46D6-8900-1E5C88263C48}"
EndProject
Project("{FAE04EC0-301F-11D3-BF4B-00C04F79EFBC}") = "ClassLibrary_NetStandard20", "ClassLibrary_NetStandard20\ClassLibrary_NetStandard20.csproj", "{30A0E717-11A1-4688-9205-9A283D3B959F}"
EndProject
Global
	GlobalSection(SolutionConfigurationPlatforms) = preSolution
		Debug|Any CPU = Debug|Any CPU
		Debug|x64 = Debug|x64
		Debug|x86 = Debug|x86
		Release|Any CPU = Release|Any CPU
		Release|x64 = Release|x64
		Release|x86 = Release|x86
	EndGlobalSection
	GlobalSection(ProjectConfigurationPlatforms) = postSolution
		{347D599C-05E9-46D6-8900-1E5C88263C48}.Debug|Any CPU.ActiveCfg = Debug|Any CPU
		{347D599C-05E9-46D6-8900-1E5C88263C48}.Debug|Any CPU.Build.0 = Debug|Any CPU
		{347D599C-05E9-46D6-8900-1E5C88263C48}.Debug|x64.ActiveCfg = Debug|x64
		{347D599C-05E9-46D6-8900-1E5C88263C48}.Debug|x64.Build.0 = Debug|x64
		{347D599C-05E9-46D6-8900-1E5C88263C48}.Debug|x86.ActiveCfg = Debug|x86
		{347D599C-05E9-46D6-8900-1E5C88263C48}.Debug|x86.Build.0 = Debug|x86
		{347D599C-05E9-46D6-8900-1E5C88263C48}.Release|Any CPU.ActiveCfg = Release|Any CPU
		{347D599C-05E9-46D6-8900-1E5C88263C48}.Release|Any CPU.Build.0 = Release|Any CPU
		{347D599C-05E9-46D6-8900-1E5C88263C48}.Release|x64.ActiveCfg = Release|x64
		{347D599C-05E9-46D6-8900-1E5C88263C48}.Release|x64.Build.0 = Release|x64
		{347D599C-05E9-46D6-8900-1E5C88263C48}.Release|x86.ActiveCfg = Release|x86
		{347D599C-05E9-46D6-8900-1E5C88263C48}.Release|x86.Build.0 = Release|x86
		{30A0E717-11A1-4688-9205-9A283D3B959F}.Debug|Any CPU.ActiveCfg = Debug|Any CPU
		{30A0E717-11A1-4688-9205-9A283D3B959F}.Debug|Any CPU.Build.0 = Debug|Any CPU
		{30A0E717-11A1-4688-9205-9A283D3B959F}.Debug|x64.ActiveCfg = Debug|x64
		{30A0E717-11A1-4688-9205-9A283D3B959F}.Debug|x64.Build.0 = Debug|x64
		{30A0E717-11A1-4688-9205-9A283D3B959F}.Debug|x86.ActiveCfg = Debug|x86
		{30A0E717-11A1-4688-9205-9A283D3B959F}.Debug|x86.Build.0 = Debug|x86
		{30A0E717-11A1-4688-9205-9A283D3B959F}.Release|Any CPU.ActiveCfg = Release|Any CPU
		{30A0E717-11A1-4688-9205-9A283D3B959F}.Release|Any CPU.Build.0 = Release|Any CPU
		{30A0E717-11A1-4688-9205-9A283D3B959F}.Release|x64.ActiveCfg = Release|x64
		{30A0E717-11A1-4688-9205-9A283D3B959F}.Release|x64.Build.0 = Release|x64
		{30A0E717-11A1-4688-9205-9A283D3B959F}.Release|x86.ActiveCfg = Release|x86
		{30A0E717-11A1-4688-9205-9A283D3B959F}.Release|x86.Build.0 = Release|x86
	EndGlobalSection
	GlobalSection(SolutionProperties) = preSolution
		HideSolutionNode = FALSE
	EndGlobalSection
EndGlobal
